
Microsoft Visual Studio Solution File, Format Version 12.00
# Visual Studio 14
VisualStudioVersion = 14.0.25420.1
MinimumVisualStudioVersion = 10.0.40219.1
Project("{CC5FD16D-436D-48AD-A40C-5A424C6E3E79}") = "MyPortfolio", "MyPortfolio\MyPortfolio.ccproj", "{38C86AEE-50FC-4267-AC44-F48DA1B0E063}"
EndProject
Project("{FAE04EC0-301F-11D3-BF4B-00C04F79EFBC}") = "PersonalDetails", "PersonalDetails\PersonalDetails.csproj", "{AC9B145B-D80B-413B-92CC-E61F647BB464}"
EndProject
Project("{FAE04EC0-301F-11D3-BF4B-00C04F79EFBC}") = "BackgroundProcessing", "BackgroundProcessing\BackgroundProcessing.csproj", "{36378E42-ED5E-4B32-8CD0-D354588E3956}"
EndProject
Global
	GlobalSection(SolutionConfigurationPlatforms) = preSolution
		Debug|Any CPU = Debug|Any CPU
		Release|Any CPU = Release|Any CPU
	EndGlobalSection
	GlobalSection(ProjectConfigurationPlatforms) = postSolution
		{38C86AEE-50FC-4267-AC44-F48DA1B0E063}.Debug|Any CPU.ActiveCfg = Debug|Any CPU
		{38C86AEE-50FC-4267-AC44-F48DA1B0E063}.Debug|Any CPU.Build.0 = Debug|Any CPU
		{38C86AEE-50FC-4267-AC44-F48DA1B0E063}.Release|Any CPU.ActiveCfg = Release|Any CPU
		{38C86AEE-50FC-4267-AC44-F48DA1B0E063}.Release|Any CPU.Build.0 = Release|Any CPU
		{AC9B145B-D80B-413B-92CC-E61F647BB464}.Debug|Any CPU.ActiveCfg = Debug|Any CPU
		{AC9B145B-D80B-413B-92CC-E61F647BB464}.Debug|Any CPU.Build.0 = Debug|Any CPU
		{AC9B145B-D80B-413B-92CC-E61F647BB464}.Release|Any CPU.ActiveCfg = Release|Any CPU
		{AC9B145B-D80B-413B-92CC-E61F647BB464}.Release|Any CPU.Build.0 = Release|Any CPU
		{36378E42-ED5E-4B32-8CD0-D354588E3956}.Debug|Any CPU.ActiveCfg = Debug|Any CPU
		{36378E42-ED5E-4B32-8CD0-D354588E3956}.Debug|Any CPU.Build.0 = Debug|Any CPU
		{36378E42-ED5E-4B32-8CD0-D354588E3956}.Release|Any CPU.ActiveCfg = Release|Any CPU
		{36378E42-ED5E-4B32-8CD0-D354588E3956}.Release|Any CPU.Build.0 = Release|Any CPU
	EndGlobalSection
	GlobalSection(SolutionProperties) = preSolution
		HideSolutionNode = FALSE
	EndGlobalSection
EndGlobal
