
Microsoft Visual Studio Solution File, Format Version 12.00
# Visual Studio 14
VisualStudioVersion = 14.0.25420.1
MinimumVisualStudioVersion = 10.0.40219.1
Project("{CC5FD16D-436D-48AD-A40C-5A424C6E3E79}") = "MyPortfolio", "MyPortfolio\MyPortfolio.ccproj", "{38C86AEE-50FC-4267-AC44-F48DA1B0E063}"
EndProject
Project("{FAE04EC0-301F-11D3-BF4B-00C04F79EFBC}") = "PersonalDetails", "PersonalDetails\PersonalDetails.csproj", "{AC9B145B-D80B-413B-92CC-E61F647BB464}"
EndProject
Project("{FAE04EC0-301F-11D3-BF4B-00C04F79EFBC}") = "BackgroundProcessing", "BackgroundProcessing\BackgroundProcessing.csproj", "{36378E42-ED5E-4B32-8CD0-D354588E3956}"
EndProject
Project("{FAE04EC0-301F-11D3-BF4B-00C04F79EFBC}") = "Common", "Common\Common.csproj", "{B1EE57D5-C3B7-47EA-933C-E5B72C726E83}"
EndProject
Project("{FAE04EC0-301F-11D3-BF4B-00C04F79EFBC}") = "HelperAPI", "HelperAPI\HelperAPI.csproj", "{E44E360E-BA7D-439C-849C-78B04CC45901}"
EndProject
Project("{FAE04EC0-301F-11D3-BF4B-00C04F79EFBC}") = "HelperAPI.Tests", "HelperAPI.Tests\HelperAPI.Tests.csproj", "{2B48B703-005F-4C6F-A750-DBF30DDC6CBF}"
EndProject
Global
	GlobalSection(SolutionConfigurationPlatforms) = preSolution
		Debug|Any CPU = Debug|Any CPU
		Release|Any CPU = Release|Any CPU
	EndGlobalSection
	GlobalSection(ProjectConfigurationPlatforms) = postSolution
		{38C86AEE-50FC-4267-AC44-F48DA1B0E063}.Debug|Any CPU.ActiveCfg = Debug|Any CPU
		{38C86AEE-50FC-4267-AC44-F48DA1B0E063}.Debug|Any CPU.Build.0 = Debug|Any CPU
		{38C86AEE-50FC-4267-AC44-F48DA1B0E063}.Release|Any CPU.ActiveCfg = Release|Any CPU
		{38C86AEE-50FC-4267-AC44-F48DA1B0E063}.Release|Any CPU.Build.0 = Release|Any CPU
		{AC9B145B-D80B-413B-92CC-E61F647BB464}.Debug|Any CPU.ActiveCfg = Debug|Any CPU
		{AC9B145B-D80B-413B-92CC-E61F647BB464}.Debug|Any CPU.Build.0 = Debug|Any CPU
		{AC9B145B-D80B-413B-92CC-E61F647BB464}.Release|Any CPU.ActiveCfg = Release|Any CPU
		{AC9B145B-D80B-413B-92CC-E61F647BB464}.Release|Any CPU.Build.0 = Release|Any CPU
		{36378E42-ED5E-4B32-8CD0-D354588E3956}.Debug|Any CPU.ActiveCfg = Debug|Any CPU
		{36378E42-ED5E-4B32-8CD0-D354588E3956}.Debug|Any CPU.Build.0 = Debug|Any CPU
		{36378E42-ED5E-4B32-8CD0-D354588E3956}.Release|Any CPU.ActiveCfg = Release|Any CPU
		{36378E42-ED5E-4B32-8CD0-D354588E3956}.Release|Any CPU.Build.0 = Release|Any CPU
		{B1EE57D5-C3B7-47EA-933C-E5B72C726E83}.Debug|Any CPU.ActiveCfg = Debug|Any CPU
		{B1EE57D5-C3B7-47EA-933C-E5B72C726E83}.Debug|Any CPU.Build.0 = Debug|Any CPU
		{B1EE57D5-C3B7-47EA-933C-E5B72C726E83}.Release|Any CPU.ActiveCfg = Release|Any CPU
		{B1EE57D5-C3B7-47EA-933C-E5B72C726E83}.Release|Any CPU.Build.0 = Release|Any CPU
		{E44E360E-BA7D-439C-849C-78B04CC45901}.Debug|Any CPU.ActiveCfg = Debug|Any CPU
		{E44E360E-BA7D-439C-849C-78B04CC45901}.Debug|Any CPU.Build.0 = Debug|Any CPU
		{E44E360E-BA7D-439C-849C-78B04CC45901}.Release|Any CPU.ActiveCfg = Release|Any CPU
		{E44E360E-BA7D-439C-849C-78B04CC45901}.Release|Any CPU.Build.0 = Release|Any CPU
		{2B48B703-005F-4C6F-A750-DBF30DDC6CBF}.Debug|Any CPU.ActiveCfg = Debug|Any CPU
		{2B48B703-005F-4C6F-A750-DBF30DDC6CBF}.Debug|Any CPU.Build.0 = Debug|Any CPU
		{2B48B703-005F-4C6F-A750-DBF30DDC6CBF}.Release|Any CPU.ActiveCfg = Release|Any CPU
		{2B48B703-005F-4C6F-A750-DBF30DDC6CBF}.Release|Any CPU.Build.0 = Release|Any CPU
	EndGlobalSection
	GlobalSection(SolutionProperties) = preSolution
		HideSolutionNode = FALSE
	EndGlobalSection
EndGlobal
